
Microsoft Visual Studio Solution File, Format Version 12.00
# Visual Studio 2012
Project("{FAE04EC0-301F-11D3-BF4B-00C04F79EFBC}") = "Students.Models", "Students.Models\Students.Models.csproj", "{F2E98A7E-7437-4ACD-9508-7427F13125AB}"
EndProject
Project("{FAE04EC0-301F-11D3-BF4B-00C04F79EFBC}") = "Students.Data", "Students.Data\Students.Data.csproj", "{9B5B8C83-1098-4A27-9829-0835B634C6A0}"
EndProject
Project("{FAE04EC0-301F-11D3-BF4B-00C04F79EFBC}") = "Students.DataOA", "Students.DataOA\Students.DataOA.csproj", "{C50145E6-A244-4F1F-B41F-90D1925B4A00}"
EndProject
Project("{2150E333-8FDC-42A3-9474-1A3956D46DE8}") = ".nuget", ".nuget", "{C3A0EC61-8E89-48A8-B40C-53B7FAE8C2F5}"
	ProjectSection(SolutionItems) = preProject
		.nuget\NuGet.Config = .nuget\NuGet.Config
		.nuget\NuGet.exe = .nuget\NuGet.exe
		.nuget\NuGet.targets = .nuget\NuGet.targets
	EndProjectSection
EndProject
Project("{FAE04EC0-301F-11D3-BF4B-00C04F79EFBC}") = "Students.Repository", "Students.Repository\Students.Repository.csproj", "{F558DC91-FC72-4ACC-94BF-27FECB97B019}"
EndProject
Project("{FAE04EC0-301F-11D3-BF4B-00C04F79EFBC}") = "Students.WebServices", "Students.WebServices\Students.WebServices.csproj", "{8453B803-1DD6-4A22-B29C-81984D634350}"
EndProject
Global
	GlobalSection(SolutionConfigurationPlatforms) = preSolution
		Debug|Any CPU = Debug|Any CPU
		Release|Any CPU = Release|Any CPU
	EndGlobalSection
	GlobalSection(ProjectConfigurationPlatforms) = postSolution
		{F2E98A7E-7437-4ACD-9508-7427F13125AB}.Debug|Any CPU.ActiveCfg = Debug|Any CPU
		{F2E98A7E-7437-4ACD-9508-7427F13125AB}.Debug|Any CPU.Build.0 = Debug|Any CPU
		{F2E98A7E-7437-4ACD-9508-7427F13125AB}.Release|Any CPU.ActiveCfg = Release|Any CPU
		{F2E98A7E-7437-4ACD-9508-7427F13125AB}.Release|Any CPU.Build.0 = Release|Any CPU
		{9B5B8C83-1098-4A27-9829-0835B634C6A0}.Debug|Any CPU.ActiveCfg = Debug|Any CPU
		{9B5B8C83-1098-4A27-9829-0835B634C6A0}.Debug|Any CPU.Build.0 = Debug|Any CPU
		{9B5B8C83-1098-4A27-9829-0835B634C6A0}.Release|Any CPU.ActiveCfg = Release|Any CPU
		{9B5B8C83-1098-4A27-9829-0835B634C6A0}.Release|Any CPU.Build.0 = Release|Any CPU
		{C50145E6-A244-4F1F-B41F-90D1925B4A00}.Debug|Any CPU.ActiveCfg = Debug|Any CPU
		{C50145E6-A244-4F1F-B41F-90D1925B4A00}.Debug|Any CPU.Build.0 = Debug|Any CPU
		{C50145E6-A244-4F1F-B41F-90D1925B4A00}.Release|Any CPU.ActiveCfg = Release|Any CPU
		{C50145E6-A244-4F1F-B41F-90D1925B4A00}.Release|Any CPU.Build.0 = Release|Any CPU
		{F558DC91-FC72-4ACC-94BF-27FECB97B019}.Debug|Any CPU.ActiveCfg = Debug|Any CPU
		{F558DC91-FC72-4ACC-94BF-27FECB97B019}.Debug|Any CPU.Build.0 = Debug|Any CPU
		{F558DC91-FC72-4ACC-94BF-27FECB97B019}.Release|Any CPU.ActiveCfg = Release|Any CPU
		{F558DC91-FC72-4ACC-94BF-27FECB97B019}.Release|Any CPU.Build.0 = Release|Any CPU
		{8453B803-1DD6-4A22-B29C-81984D634350}.Debug|Any CPU.ActiveCfg = Debug|Any CPU
		{8453B803-1DD6-4A22-B29C-81984D634350}.Debug|Any CPU.Build.0 = Debug|Any CPU
		{8453B803-1DD6-4A22-B29C-81984D634350}.Release|Any CPU.ActiveCfg = Release|Any CPU
		{8453B803-1DD6-4A22-B29C-81984D634350}.Release|Any CPU.Build.0 = Release|Any CPU
	EndGlobalSection
	GlobalSection(SolutionProperties) = preSolution
		HideSolutionNode = FALSE
	EndGlobalSection
EndGlobal
