
Microsoft Visual Studio Solution File, Format Version 12.00
# Visual Studio 2012
Project("{FAE04EC0-301F-11D3-BF4B-00C04F79EFBC}") = "MusicStore.Models", "MusicStore.Models\MusicStore.Models.csproj", "{5305318B-37B7-409C-9036-5F0717435013}"
EndProject
Project("{FAE04EC0-301F-11D3-BF4B-00C04F79EFBC}") = "MusicStore.SQLServerContext", "MusicStore.DbContext\MusicStore.SQLServerContext.csproj", "{C29B3197-24F2-4671-B685-5F5DD947A5A4}"
EndProject
Project("{FAE04EC0-301F-11D3-BF4B-00C04F79EFBC}") = "MusicStore.Api", "MusicStore.Api\MusicStore.Api.csproj", "{794BFFB1-4C5A-4DB3-BECE-88067EF318E0}"
EndProject
Project("{FAE04EC0-301F-11D3-BF4B-00C04F79EFBC}") = "MusicStore.ConsoleClient", "MusicStore.ConsoleClient\MusicStore.ConsoleClient.csproj", "{2D13A1B6-7392-479B-9C4D-90A47098DE92}"
EndProject
Global
	GlobalSection(SolutionConfigurationPlatforms) = preSolution
		Debug|Any CPU = Debug|Any CPU
		Release|Any CPU = Release|Any CPU
	EndGlobalSection
	GlobalSection(ProjectConfigurationPlatforms) = postSolution
		{5305318B-37B7-409C-9036-5F0717435013}.Debug|Any CPU.ActiveCfg = Debug|Any CPU
		{5305318B-37B7-409C-9036-5F0717435013}.Debug|Any CPU.Build.0 = Debug|Any CPU
		{5305318B-37B7-409C-9036-5F0717435013}.Release|Any CPU.ActiveCfg = Release|Any CPU
		{5305318B-37B7-409C-9036-5F0717435013}.Release|Any CPU.Build.0 = Release|Any CPU
		{C29B3197-24F2-4671-B685-5F5DD947A5A4}.Debug|Any CPU.ActiveCfg = Debug|Any CPU
		{C29B3197-24F2-4671-B685-5F5DD947A5A4}.Debug|Any CPU.Build.0 = Debug|Any CPU
		{C29B3197-24F2-4671-B685-5F5DD947A5A4}.Release|Any CPU.ActiveCfg = Release|Any CPU
		{C29B3197-24F2-4671-B685-5F5DD947A5A4}.Release|Any CPU.Build.0 = Release|Any CPU
		{794BFFB1-4C5A-4DB3-BECE-88067EF318E0}.Debug|Any CPU.ActiveCfg = Debug|Any CPU
		{794BFFB1-4C5A-4DB3-BECE-88067EF318E0}.Debug|Any CPU.Build.0 = Debug|Any CPU
		{794BFFB1-4C5A-4DB3-BECE-88067EF318E0}.Release|Any CPU.ActiveCfg = Release|Any CPU
		{794BFFB1-4C5A-4DB3-BECE-88067EF318E0}.Release|Any CPU.Build.0 = Release|Any CPU
		{2D13A1B6-7392-479B-9C4D-90A47098DE92}.Debug|Any CPU.ActiveCfg = Debug|Any CPU
		{2D13A1B6-7392-479B-9C4D-90A47098DE92}.Debug|Any CPU.Build.0 = Debug|Any CPU
		{2D13A1B6-7392-479B-9C4D-90A47098DE92}.Release|Any CPU.ActiveCfg = Release|Any CPU
		{2D13A1B6-7392-479B-9C4D-90A47098DE92}.Release|Any CPU.Build.0 = Release|Any CPU
	EndGlobalSection
	GlobalSection(SolutionProperties) = preSolution
		HideSolutionNode = FALSE
	EndGlobalSection
EndGlobal
